
Microsoft Visual Studio Solution File, Format Version 12.00
# Visual Studio 15
Project("{FAE04EC0-301F-11D3-BF4B-00C04F79EFBC}") = "Assembly-CSharp", "Assembly-CSharp.csproj", "{EB5CDDD1-65C8-E756-356E-A12B29310B4A}"
EndProject
Global
	GlobalSection(SolutionConfigurationPlatforms) = preSolution
		Debug|Any CPU = Debug|Any CPU
		Release|Any CPU = Release|Any CPU
	EndGlobalSection
	GlobalSection(ProjectConfigurationPlatforms) = postSolution
		{EB5CDDD1-65C8-E756-356E-A12B29310B4A}.Debug|Any CPU.ActiveCfg = Debug|Any CPU
		{EB5CDDD1-65C8-E756-356E-A12B29310B4A}.Debug|Any CPU.Build.0 = Debug|Any CPU
		{EB5CDDD1-65C8-E756-356E-A12B29310B4A}.Release|Any CPU.ActiveCfg = Release|Any CPU
		{EB5CDDD1-65C8-E756-356E-A12B29310B4A}.Release|Any CPU.Build.0 = Release|Any CPU
	EndGlobalSection
	GlobalSection(SolutionProperties) = preSolution
		HideSolutionNode = FALSE
	EndGlobalSection
EndGlobal
